// !$*UTF8*$!
{
	archiveVersion = 1;
	classes = {
	};
	objectVersion = 56;
	objects = {

/* Begin PBXBuildFile section */
		AA000001 /* SkyOpsApp.swift in Sources */ = {isa = PBXBuildFile; fileRef = AA100001 /* SkyOpsApp.swift */; };
		AA000002 /* AppDelegate.swift in Sources */ = {isa = PBXBuildFile; fileRef = AA100002 /* AppDelegate.swift */; };
		AA000003 /* ContentView.swift in Sources */ = {isa = PBXBuildFile; fileRef = AA100003 /* ContentView.swift */; };
		AA000004 /* Flight.swift in Sources */ = {isa = PBXBuildFile; fileRef = AA100004 /* Flight.swift */; };
		AA000005 /* Weather.swift in Sources */ = {isa = PBXBuildFile; fileRef = AA100005 /* Weather.swift */; };
		AA000006 /* Notam.swift in Sources */ = {isa = PBXBuildFile; fileRef = AA100006 /* Notam.swift */; };
		AA000007 /* User.swift in Sources */ = {isa = PBXBuildFile; fileRef = AA100007 /* User.swift */; };
		AA000008 /* DashboardView.swift in Sources */ = {isa = PBXBuildFile; fileRef = AA100008 /* DashboardView.swift */; };
		AA000009 /* FlightsView.swift in Sources */ = {isa = PBXBuildFile; fileRef = AA100009 /* FlightsView.swift */; };
		AA000010 /* WeatherView.swift in Sources */ = {isa = PBXBuildFile; fileRef = AA100010 /* WeatherView.swift */; };
		AA000011 /* NotamsView.swift in Sources */ = {isa = PBXBuildFile; fileRef = AA100011 /* NotamsView.swift */; };
		AA000012 /* DispatchView.swift in Sources */ = {isa = PBXBuildFile; fileRef = AA100012 /* DispatchView.swift */; };
		AA000013 /* LoginView.swift in Sources */ = {isa = PBXBuildFile; fileRef = AA100013 /* LoginView.swift */; };
		AA000014 /* APIService.swift in Sources */ = {isa = PBXBuildFile; fileRef = AA100014 /* APIService.swift */; };
		AA000015 /* FlightService.swift in Sources */ = {isa = PBXBuildFile; fileRef = AA100015 /* FlightService.swift */; };
		AA000016 /* WeatherService.swift in Sources */ = {isa = PBXBuildFile; fileRef = AA100016 /* WeatherService.swift */; };
		AA000017 /* AuthService.swift in Sources */ = {isa = PBXBuildFile; fileRef = AA100017 /* AuthService.swift */; };
		AA000018 /* CoreDataManager.swift in Sources */ = {isa = PBXBuildFile; fileRef = AA100018 /* CoreDataManager.swift */; };
		AA000019 /* CacheManager.swift in Sources */ = {isa = PBXBuildFile; fileRef = AA100019 /* CacheManager.swift */; };
		AA000020 /* Extensions.swift in Sources */ = {isa = PBXBuildFile; fileRef = AA100020 /* Extensions.swift */; };
		AA000021 /* Constants.swift in Sources */ = {isa = PBXBuildFile; fileRef = AA100021 /* Constants.swift */; };
		AA000022 /* AviationHelpers.swift in Sources */ = {isa = PBXBuildFile; fileRef = AA100022 /* AviationHelpers.swift */; };
		AA000023 /* SkyOpsDataModel.xcdatamodeld in Sources */ = {isa = PBXBuildFile; fileRef = AA100023 /* SkyOpsDataModel.xcdatamodeld */; };
/* End PBXBuildFile section */

/* Begin PBXFileReference section */
		AA100001 /* SkyOpsApp.swift */ = {isa = PBXFileReference; lastKnownFileType = sourcecode.swift; path = SkyOpsApp.swift; sourceTree = "<group>"; };
		AA100002 /* AppDelegate.swift */ = {isa = PBXFileReference; lastKnownFileType = sourcecode.swift; path = AppDelegate.swift; sourceTree = "<group>"; };
		AA100003 /* ContentView.swift */ = {isa = PBXFileReference; lastKnownFileType = sourcecode.swift; path = ContentView.swift; sourceTree = "<group>"; };
		AA100004 /* Flight.swift */ = {isa = PBXFileReference; lastKnownFileType = sourcecode.swift; path = Flight.swift; sourceTree = "<group>"; };
		AA100005 /* Weather.swift */ = {isa = PBXFileReference; lastKnownFileType = sourcecode.swift; path = Weather.swift; sourceTree = "<group>"; };
		AA100006 /* Notam.swift */ = {isa = PBXFileReference; lastKnownFileType = sourcecode.swift; path = Notam.swift; sourceTree = "<group>"; };
		AA100007 /* User.swift */ = {isa = PBXFileReference; lastKnownFileType = sourcecode.swift; path = User.swift; sourceTree = "<group>"; };
		AA100008 /* DashboardView.swift */ = {isa = PBXFileReference; lastKnownFileType = sourcecode.swift; path = DashboardView.swift; sourceTree = "<group>"; };
		AA100009 /* FlightsView.swift */ = {isa = PBXFileReference; lastKnownFileType = sourcecode.swift; path = FlightsView.swift; sourceTree = "<group>"; };
		AA100010 /* WeatherView.swift */ = {isa = PBXFileReference; lastKnownFileType = sourcecode.swift; path = WeatherView.swift; sourceTree = "<group>"; };
		AA100011 /* NotamsView.swift */ = {isa = PBXFileReference; lastKnownFileType = sourcecode.swift; path = NotamsView.swift; sourceTree = "<group>"; };
		AA100012 /* DispatchView.swift */ = {isa = PBXFileReference; lastKnownFileType = sourcecode.swift; path = DispatchView.swift; sourceTree = "<group>"; };
		AA100013 /* LoginView.swift */ = {isa = PBXFileReference; lastKnownFileType = sourcecode.swift; path = LoginView.swift; sourceTree = "<group>"; };
		AA100014 /* APIService.swift */ = {isa = PBXFileReference; lastKnownFileType = sourcecode.swift; path = APIService.swift; sourceTree = "<group>"; };
		AA100015 /* FlightService.swift */ = {isa = PBXFileReference; lastKnownFileType = sourcecode.swift; path = FlightService.swift; sourceTree = "<group>"; };
		AA100016 /* WeatherService.swift */ = {isa = PBXFileReference; lastKnownFileType = sourcecode.swift; path = WeatherService.swift; sourceTree = "<group>"; };
		AA100017 /* AuthService.swift */ = {isa = PBXFileReference; lastKnownFileType = sourcecode.swift; path = AuthService.swift; sourceTree = "<group>"; };
		AA100018 /* CoreDataManager.swift */ = {isa = PBXFileReference; lastKnownFileType = sourcecode.swift; path = CoreDataManager.swift; sourceTree = "<group>"; };
		AA100019 /* CacheManager.swift */ = {isa = PBXFileReference; lastKnownFileType = sourcecode.swift; path = CacheManager.swift; sourceTree = "<group>"; };
		AA100020 /* Extensions.swift */ = {isa = PBXFileReference; lastKnownFileType = sourcecode.swift; path = Extensions.swift; sourceTree = "<group>"; };
		AA100021 /* Constants.swift */ = {isa = PBXFileReference; lastKnownFileType = sourcecode.swift; path = Constants.swift; sourceTree = "<group>"; };
		AA100022 /* AviationHelpers.swift */ = {isa = PBXFileReference; lastKnownFileType = sourcecode.swift; path = AviationHelpers.swift; sourceTree = "<group>"; };
		AA100023 /* SkyOpsDataModel.xcdatamodeld */ = {isa = PBXFileReference; lastKnownFileType = wrapper.xcdatamodel; path = SkyOpsDataModel.xcdatamodeld; sourceTree = "<group>"; };
		AA200001 /* SkyOps.app */ = {isa = PBXFileReference; explicitFileType = wrapper.application; includeInIndex = 0; path = SkyOps.app; sourceTree = BUILT_PRODUCTS_DIR; };
/* End PBXFileReference section */

/* Begin PBXFrameworksBuildPhase section */
		AA300001 /* Frameworks */ = {
			isa = PBXFrameworksBuildPhase;
			buildActionMask = 2147483647;
			files = (
			);
			runOnlyForDeploymentPostprocessing = 0;
		};
/* End PBXFrameworksBuildPhase section */

/* Begin PBXGroup section */
		AA400000 /* Products */ = {
			isa = PBXGroup;
			children = (
				AA200001 /* SkyOps.app */,
			);
			name = Products;
			sourceTree = "<group>";
		};
		AA400001 /* SkyOps */ = {
			isa = PBXGroup;
			children = (
				AA400010 /* App */,
				AA400020 /* Models */,
				AA400030 /* Views */,
				AA400040 /* Services */,
				AA400050 /* Database */,
				AA400060 /* Utilities */,
			);
			path = SkyOps;
			sourceTree = "<group>";
		};
		AA400010 /* App */ = {
			isa = PBXGroup;
			children = (
				AA100001 /* SkyOpsApp.swift */,
				AA100002 /* AppDelegate.swift */,
				AA100003 /* ContentView.swift */,
			);
			path = App;
			sourceTree = "<group>";
		};
		AA400020 /* Models */ = {
			isa = PBXGroup;
			children = (
				AA100004 /* Flight.swift */,
				AA100005 /* Weather.swift */,
				AA100006 /* Notam.swift */,
				AA100007 /* User.swift */,
			);
			path = Models;
			sourceTree = "<group>";
		};
		AA400030 /* Views */ = {
			isa = PBXGroup;
			children = (
				AA100008 /* DashboardView.swift */,
				AA100009 /* FlightsView.swift */,
				AA100010 /* WeatherView.swift */,
				AA100011 /* NotamsView.swift */,
				AA100012 /* DispatchView.swift */,
				AA100013 /* LoginView.swift */,
			);
			path = Views;
			sourceTree = "<group>";
		};
		AA400040 /* Services */ = {
			isa = PBXGroup;
			children = (
				AA100014 /* APIService.swift */,
				AA100015 /* FlightService.swift */,
				AA100016 /* WeatherService.swift */,
				AA100017 /* AuthService.swift */,
			);
			path = Services;
			sourceTree = "<group>";
		};
		AA400050 /* Database */ = {
			isa = PBXGroup;
			children = (
				AA100018 /* CoreDataManager.swift */,
				AA100019 /* CacheManager.swift */,
				AA100023 /* SkyOpsDataModel.xcdatamodeld */,
			);
			path = Database;
			sourceTree = "<group>";
		};
		AA400060 /* Utilities */ = {
			isa = PBXGroup;
			children = (
				AA100020 /* Extensions.swift */,
				AA100021 /* Constants.swift */,
				AA100022 /* AviationHelpers.swift */,
			);
			path = Utilities;
			sourceTree = "<group>";
		};
		AA400999 /* root */ = {
			isa = PBXGroup;
			children = (
				AA400001 /* SkyOps */,
				AA400000 /* Products */,
			);
			sourceTree = "<group>";
		};
/* End PBXGroup section */

/* Begin PBXNativeTarget section */
		AA500001 /* SkyOps */ = {
			isa = PBXNativeTarget;
			buildConfigurationList = AA700001 /* Build configuration list for PBXNativeTarget "SkyOps" */;
			buildPhases = (
				AA600001 /* Sources */,
				AA300001 /* Frameworks */,
				AA600002 /* Resources */,
			);
			buildRules = (
			);
			dependencies = (
			);
			name = SkyOps;
			productName = SkyOps;
			productReference = AA200001 /* SkyOps.app */;
			productType = "com.apple.product-type.application";
		};
/* End PBXNativeTarget section */

/* Begin PBXProject section */
		AA500000 /* Project object */ = {
			isa = PBXProject;
			attributes = {
				BuildIndependentTargetsInParallel = 1;
				LastSwiftUpdateCheck = 1500;
				LastUpgradeCheck = 1500;
				TargetAttributes = {
					AA500001 = {
						CreatedOnToolsVersion = 15.0;
					};
				};
			};
			buildConfigurationList = AA700000 /* Build configuration list for PBXProject "SkyOps" */;
			compatibilityVersion = "Xcode 14.0";
			developmentRegion = en;
			hasScannedForEncodings = 0;
			knownRegions = (
				en,
				Base,
			);
			mainGroup = AA400999 /* root */;
			productRefGroup = AA400000 /* Products */;
			projectDirPath = "";
			projectRoot = "";
			targets = (
				AA500001 /* SkyOps */,
			);
		};
/* End PBXProject section */

/* Begin PBXResourcesBuildPhase section */
		AA600002 /* Resources */ = {
			isa = PBXResourcesBuildPhase;
			buildActionMask = 2147483647;
			files = (
			);
			runOnlyForDeploymentPostprocessing = 0;
		};
/* End PBXResourcesBuildPhase section */

/* Begin PBXSourcesBuildPhase section */
		AA600001 /* Sources */ = {
			isa = PBXSourcesBuildPhase;
			buildActionMask = 2147483647;
			files = (
				AA000001 /* SkyOpsApp.swift in Sources */,
				AA000002 /* AppDelegate.swift in Sources */,
				AA000003 /* ContentView.swift in Sources */,
				AA000004 /* Flight.swift in Sources */,
				AA000005 /* Weather.swift in Sources */,
				AA000006 /* Notam.swift in Sources */,
				AA000007 /* User.swift in Sources */,
				AA000008 /* DashboardView.swift in Sources */,
				AA000009 /* FlightsView.swift in Sources */,
				AA000010 /* WeatherView.swift in Sources */,
				AA000011 /* NotamsView.swift in Sources */,
				AA000012 /* DispatchView.swift in Sources */,
				AA000013 /* LoginView.swift in Sources */,
				AA000014 /* APIService.swift in Sources */,
				AA000015 /* FlightService.swift in Sources */,
				AA000016 /* WeatherService.swift in Sources */,
				AA000017 /* AuthService.swift in Sources */,
				AA000018 /* CoreDataManager.swift in Sources */,
				AA000019 /* CacheManager.swift in Sources */,
				AA000020 /* Extensions.swift in Sources */,
				AA000021 /* Constants.swift in Sources */,
				AA000022 /* AviationHelpers.swift in Sources */,
				AA000023 /* SkyOpsDataModel.xcdatamodeld in Sources */,
			);
			runOnlyForDeploymentPostprocessing = 0;
		};
/* End PBXSourcesBuildPhase section */

/* Begin XCBuildConfiguration section */
		AA800001 /* Debug */ = {
			isa = XCBuildConfiguration;
			buildSettings = {
				ALWAYS_SEARCH_USER_PATHS = NO;
				ASSETCATALOG_COMPILER_GENERATE_SWIFT_ASSET_SYMBOL_EXTENSIONS = YES;
				CLANG_ANALYZER_NONNULL = YES;
				CLANG_ANALYZER_NUMBER_OBJECT_CONVERSION = YES_AGGRESSIVE;
				CLANG_CXX_LANGUAGE_STANDARD = "gnu++20";
				CLANG_ENABLE_MODULES = YES;
				CLANG_ENABLE_OBJC_ARC = YES;
				CLANG_ENABLE_OBJC_WEAK = YES;
				CLANG_WARN_BLOCK_CAPTURE_AUTORELEASING = YES;
				CLANG_WARN_BOOL_CONVERSION = YES;
				CLANG_WARN_COMMA = YES;
				CLANG_WARN_CONSTANT_CONVERSION = YES;
				CLANG_WARN_DEPRECATED_OBJC_IMPLEMENTATIONS = YES;
				CLANG_WARN_DIRECT_OBJC_ISA_USAGE = YES_ERROR;
				CLANG_WARN_DOCUMENTATION_COMMENTS = YES;
				CLANG_WARN_EMPTY_BODY = YES;
				CLANG_WARN_ENUM_CONVERSION = YES;
				CLANG_WARN_INFINITE_RECURSION = YES;
				CLANG_WARN_INT_CONVERSION = YES;
				CLANG_WARN_NON_LITERAL_NULL_CONVERSION = YES;
				CLANG_WARN_OBJC_IMPLICIT_RETAIN_CYCLE = YES;
				CLANG_WARN_OBJC_LITERAL_CONVERSION = YES;
				CLANG_WARN_OBJC_ROOT_CLASS = YES_ERROR;
				CLANG_WARN_QUOTED_INCLUDE_IN_FRAMEWORK_HEADER = YES;
				CLANG_WARN_RANGE_LOOP_ANALYSIS = YES;
				CLANG_WARN_STRICT_PROTOTYPES = YES;
				CLANG_WARN_SUSPICIOUS_MOVE = YES;
				CLANG_WARN_UNGUARDED_AVAILABILITY = YES_AGGRESSIVE;
				CLANG_WARN_UNREACHABLE_CODE = YES;
				CLANG_WARN__DUPLICATE_METHOD_MATCH = YES;
				COPY_PHASE_STRIP = NO;
				DEBUG_INFORMATION_FORMAT = dwarf;
				ENABLE_STRICT_OBJC_MSGSEND = YES;
				ENABLE_TESTABILITY = YES;
				ENABLE_USER_SCRIPT_SANDBOXING = YES;
				GCC_C_LANGUAGE_STANDARD = gnu17;
				GCC_DYNAMIC_NO_PIC = NO;
				GCC_NO_COMMON_BLOCKS = YES;
				GCC_OPTIMIZATION_LEVEL = 0;
				GCC_PREPROCESSOR_DEFINITIONS = (
					"DEBUG=1",
					"$(inherited)",
				);
				GCC_WARN_64_TO_32_BIT_CONVERSION = YES;
				GCC_WARN_ABOUT_RETURN_TYPE = YES_ERROR;
				GCC_WARN_UNDECLARED_SELECTOR = YES;
				GCC_WARN_UNINITIALIZED_AUTOS = YES_AGGRESSIVE;
				GCC_WARN_UNUSED_FUNCTION = YES;
				GCC_WARN_UNUSED_VARIABLE = YES;
				IPHONEOS_DEPLOYMENT_TARGET = 17.0;
				MTL_ENABLE_DEBUG_INFO = INCLUDE_SOURCE;
				MTL_FAST_MATH = YES;
				ONLY_ACTIVE_ARCH = YES;
				SDKROOT = iphoneos;
				SWIFT_ACTIVE_COMPILATION_CONDITIONS = DEBUG;
				SWIFT_OPTIMIZATION_LEVEL = "-Onone";
			};
			name = Debug;
		};
		AA800002 /* Release */ = {
			isa = XCBuildConfiguration;
			buildSettings = {
				ALWAYS_SEARCH_USER_PATHS = NO;
				ASSETCATALOG_COMPILER_GENERATE_SWIFT_ASSET_SYMBOL_EXTENSIONS = YES;
				CLANG_ANALYZER_NONNULL = YES;
				CLANG_ANALYZER_NUMBER_OBJECT_CONVERSION = YES_AGGRESSIVE;
				CLANG_CXX_LANGUAGE_STANDARD = "gnu++20";
				CLANG_ENABLE_MODULES = YES;
				CLANG_ENABLE_OBJC_ARC = YES;
				CLANG_ENABLE_OBJC_WEAK = YES;
				CLANG_WARN_BLOCK_CAPTURE_AUTORELEASING = YES;
				CLANG_WARN_BOOL_CONVERSION = YES;
				CLANG_WARN_COMMA = YES;
				CLANG_WARN_CONSTANT_CONVERSION = YES;
				CLANG_WARN_DEPRECATED_OBJC_IMPLEMENTATIONS = YES;
				CLANG_WARN_DIRECT_OBJC_ISA_USAGE = YES_ERROR;
				CLANG_WARN_DOCUMENTATION_COMMENTS = YES;
				CLANG_WARN_EMPTY_BODY = YES;
				CLANG_WARN_ENUM_CONVERSION = YES;
				CLANG_WARN_INFINITE_RECURSION = YES;
				CLANG_WARN_INT_CONVERSION = YES;
				CLANG_WARN_NON_LITERAL_NULL_CONVERSION = YES;
				CLANG_WARN_OBJC_IMPLICIT_RETAIN_CYCLE = YES;
				CLANG_WARN_OBJC_LITERAL_CONVERSION = YES;
				CLANG_WARN_OBJC_ROOT_CLASS = YES_ERROR;
				CLANG_WARN_QUOTED_INCLUDE_IN_FRAMEWORK_HEADER = YES;
				CLANG_WARN_RANGE_LOOP_ANALYSIS = YES;
				CLANG_WARN_STRICT_PROTOTYPES = YES;
				CLANG_WARN_SUSPICIOUS_MOVE = YES;
				CLANG_WARN_UNGUARDED_AVAILABILITY = YES_AGGRESSIVE;
				CLANG_WARN_UNREACHABLE_CODE = YES;
				CLANG_WARN__DUPLICATE_METHOD_MATCH = YES;
				COPY_PHASE_STRIP = NO;
				DEBUG_INFORMATION_FORMAT = "dwarf-with-dsym";
				ENABLE_NS_ASSERTIONS = NO;
				ENABLE_STRICT_OBJC_MSGSEND = YES;
				ENABLE_USER_SCRIPT_SANDBOXING = YES;
				GCC_C_LANGUAGE_STANDARD = gnu17;
				GCC_NO_COMMON_BLOCKS = YES;
				GCC_WARN_64_TO_32_BIT_CONVERSION = YES;
				GCC_WARN_ABOUT_RETURN_TYPE = YES_ERROR;
				GCC_WARN_UNDECLARED_SELECTOR = YES;
				GCC_WARN_UNINITIALIZED_AUTOS = YES_AGGRESSIVE;
				GCC_WARN_UNUSED_FUNCTION = YES;
				GCC_WARN_UNUSED_VARIABLE = YES;
				IPHONEOS_DEPLOYMENT_TARGET = 17.0;
				MTL_FAST_MATH = YES;
				SDKROOT = iphoneos;
				SWIFT_COMPILATION_MODE = wholemodule;
				SWIFT_OPTIMIZATION_LEVEL = "-O";
				VALIDATE_PRODUCT = YES;
			};
			name = Release;
		};
		AA800003 /* Debug (Target) */ = {
			isa = XCBuildConfiguration;
			buildSettings = {
				ASSETCATALOG_COMPILER_APPICON_NAME = AppIcon;
				ASSETCATALOG_COMPILER_GLOBAL_ACCENT_COLOR_NAME = AccentColor;
				CODE_SIGN_STYLE = Automatic;
				CURRENT_PROJECT_VERSION = 1;
				DEVELOPMENT_ASSET_PATHS = "";
				ENABLE_PREVIEWS = YES;
				GENERATE_INFOPLIST_FILE = YES;
				INFOPLIST_KEY_UIApplicationSceneManifest_Generation = YES;
				INFOPLIST_KEY_UIApplicationSupportsIndirectInputEvents = YES;
				INFOPLIST_KEY_UILaunchScreen_Generation = YES;
				INFOPLIST_KEY_UISupportedInterfaceOrientations_iPad = "UIInterfaceOrientationPortrait UIInterfaceOrientationPortraitUpsideDown UIInterfaceOrientationLandscapeLeft UIInterfaceOrientationLandscapeRight";
				INFOPLIST_KEY_UISupportedInterfaceOrientations_iPhone = "UIInterfaceOrientationPortrait UIInterfaceOrientationLandscapeLeft UIInterfaceOrientationLandscapeRight";
				LD_RUNPATH_SEARCH_PATHS = (
					"$(inherited)",
					"@executable_path/Frameworks",
				);
				MARKETING_VERSION = 1.0;
				PRODUCT_BUNDLE_IDENTIFIER = "com.skyops.efb";
				PRODUCT_NAME = "$(TARGET_NAME)";
				SWIFT_EMIT_LOC_STRINGS = YES;
				SWIFT_VERSION = 5.9;
				TARGETED_DEVICE_FAMILY = "1,2";
			};
			name = Debug;
		};
		AA800004 /* Release (Target) */ = {
			isa = XCBuildConfiguration;
			buildSettings = {
				ASSETCATALOG_COMPILER_APPICON_NAME = AppIcon;
				ASSETCATALOG_COMPILER_GLOBAL_ACCENT_COLOR_NAME = AccentColor;
				CODE_SIGN_STYLE = Automatic;
				CURRENT_PROJECT_VERSION = 1;
				DEVELOPMENT_ASSET_PATHS = "";
				ENABLE_PREVIEWS = YES;
				GENERATE_INFOPLIST_FILE = YES;
				INFOPLIST_KEY_UIApplicationSceneManifest_Generation = YES;
				INFOPLIST_KEY_UIApplicationSupportsIndirectInputEvents = YES;
				INFOPLIST_KEY_UILaunchScreen_Generation = YES;
				INFOPLIST_KEY_UISupportedInterfaceOrientations_iPad = "UIInterfaceOrientationPortrait UIInterfaceOrientationPortraitUpsideDown UIInterfaceOrientationLandscapeLeft UIInterfaceOrientationLandscapeRight";
				INFOPLIST_KEY_UISupportedInterfaceOrientations_iPhone = "UIInterfaceOrientationPortrait UIInterfaceOrientationLandscapeLeft UIInterfaceOrientationLandscapeRight";
				LD_RUNPATH_SEARCH_PATHS = (
					"$(inherited)",
					"@executable_path/Frameworks",
				);
				MARKETING_VERSION = 1.0;
				PRODUCT_BUNDLE_IDENTIFIER = "com.skyops.efb";
				PRODUCT_NAME = "$(TARGET_NAME)";
				SWIFT_EMIT_LOC_STRINGS = YES;
				SWIFT_VERSION = 5.9;
				TARGETED_DEVICE_FAMILY = "1,2";
			};
			name = Release;
		};
/* End XCBuildConfiguration section */

/* Begin XCConfigurationList section */
		AA700000 /* Build configuration list for PBXProject "SkyOps" */ = {
			isa = XCConfigurationList;
			buildConfigurations = (
				AA800001 /* Debug */,
				AA800002 /* Release */,
			);
			defaultConfigurationIsVisible = 0;
			defaultConfigurationName = Release;
		};
		AA700001 /* Build configuration list for PBXNativeTarget "SkyOps" */ = {
			isa = XCConfigurationList;
			buildConfigurations = (
				AA800003 /* Debug (Target) */,
				AA800004 /* Release (Target) */,
			);
			defaultConfigurationIsVisible = 0;
			defaultConfigurationName = Release;
		};
/* End XCConfigurationList section */

	};
	rootObject = AA500000 /* Project object */;
}
